
Microsoft Visual Studio Solution File, Format Version 12.00
# Visual Studio 14
VisualStudioVersion = 14.0.25420.1
MinimumVisualStudioVersion = 10.0.40219.1
Project("{FAE04EC0-301F-11D3-BF4B-00C04F79EFBC}") = "BntWeb.WarmupStarter", "BntWeb.WarmupStarter\BntWeb.WarmupStarter.csproj", "{BF31ACDE-4155-4D4F-80E3-D60C7E8FEE1E}"
EndProject
Project("{FAE04EC0-301F-11D3-BF4B-00C04F79EFBC}") = "Bnt.Web", "Bnt.Web\Bnt.Web.csproj", "{B9563D28-E4F7-4CA5-BF7C-6415D5A35022}"
EndProject
Project("{FAE04EC0-301F-11D3-BF4B-00C04F79EFBC}") = "BntWeb.Core", "Bnt.Web\Core\BntWeb.Core.csproj", "{F51B0353-36AC-4659-9BFE-797EE38C1E6E}"
EndProject
Project("{2150E333-8FDC-42A3-9474-1A3956D46DE8}") = "Modules", "Modules", "{E2462973-8FD3-4B4B-9969-6EC88E2EDC9C}"
EndProject
Project("{FAE04EC0-301F-11D3-BF4B-00C04F79EFBC}") = "BntWeb.Home", "Bnt.Web\Modules\BntWeb.Home\BntWeb.Home.csproj", "{523CC8D9-327D-47B9-8A64-3996D863AB3E}"
EndProject
Project("{FAE04EC0-301F-11D3-BF4B-00C04F79EFBC}") = "BntWeb.MemberCenter", "Bnt.Web\Modules\BntWeb.MemberCenter\BntWeb.MemberCenter.csproj", "{B3D11F02-5000-410B-85BE-49E57DA035DE}"
EndProject
Project("{FAE04EC0-301F-11D3-BF4B-00C04F79EFBC}") = "BntWeb.Dashboard", "Bnt.Web\Modules\BntWeb.Dashboard\BntWeb.Dashboard.csproj", "{73A5CFC3-7D5C-4CE1-843D-5C8482918753}"
EndProject
Project("{FAE04EC0-301F-11D3-BF4B-00C04F79EFBC}") = "BntWeb.Comment", "Bnt.Web\Modules\BntWeb.Comment\BntWeb.Comment.csproj", "{19F61EB3-7D56-45D7-A29E-49EE143B9E1B}"
EndProject
Project("{FAE04EC0-301F-11D3-BF4B-00C04F79EFBC}") = "BntWeb.MemberBase", "Bnt.Web\Modules\BntWeb.MemberBase\BntWeb.MemberBase.csproj", "{513972B4-4A54-434B-B7A0-F1803D08A41B}"
EndProject
Project("{FAE04EC0-301F-11D3-BF4B-00C04F79EFBC}") = "BntWeb.Tag", "Bnt.Web\Modules\BntWeb.Tag\BntWeb.Tag.csproj", "{27D86B28-0BDB-4C15-A162-E5BA7BDCEF13}"
EndProject
Project("{FAE04EC0-301F-11D3-BF4B-00C04F79EFBC}") = "BntWeb.ContentMarkup", "Bnt.Web\Modules\BntWeb.ContentMarkup\BntWeb.ContentMarkup.csproj", "{9288548E-6584-409D-9BEC-A6B991B4BD2C}"
EndProject
Project("{FAE04EC0-301F-11D3-BF4B-00C04F79EFBC}") = "BntWeb.Carousel", "Bnt.Web\Modules\BntWeb.Carousel\BntWeb.Carousel.csproj", "{E0986451-BA00-4C2A-BD46-3970AFCA89F4}"
EndProject
Project("{FAE04EC0-301F-11D3-BF4B-00C04F79EFBC}") = "BntWeb.Advertisement", "Bnt.Web\Modules\BntWeb.Advertisement\BntWeb.Advertisement.csproj", "{04F8370B-39F8-4192-B567-BCB2E7F1D28E}"
EndProject
Project("{FAE04EC0-301F-11D3-BF4B-00C04F79EFBC}") = "BntWeb.Mall", "Bnt.Web\Modules\BntWeb.Mall\BntWeb.Mall.csproj", "{ECE6323A-4A0D-4EC2-8049-B94404B40FED}"
EndProject
Project("{FAE04EC0-301F-11D3-BF4B-00C04F79EFBC}") = "BntWeb.OrderProcess", "Bnt.Web\Modules\BntWeb.OrderProcess\BntWeb.OrderProcess.csproj", "{B5D290A0-62C1-47C3-A0BC-51E1947BD78B}"
EndProject
Project("{FAE04EC0-301F-11D3-BF4B-00C04F79EFBC}") = "BntWeb.PaymentProcess", "Bnt.Web\Modules\BntWeb.PaymentProcess\BntWeb.PaymentProcess.csproj", "{E6E70ACB-5B6D-49B8-AEED-67471CF208C1}"
EndProject
Project("{FAE04EC0-301F-11D3-BF4B-00C04F79EFBC}") = "BntWeb.Feedback", "Bnt.Web\Modules\BntWeb.Feedback\BntWeb.Feedback.csproj", "{F0863800-2BF1-4076-A099-A584B0974D6D}"
EndProject
Project("{FAE04EC0-301F-11D3-BF4B-00C04F79EFBC}") = "BntWeb.SinglePage", "Bnt.Web\Modules\BntWeb.SinglePage\BntWeb.SinglePage.csproj", "{B50AD89D-61E3-4268-B4DD-AC7294E1415D}"
EndProject
Project("{FAE04EC0-301F-11D3-BF4B-00C04F79EFBC}") = "BntWeb.Evaluate", "Bnt.Web\Modules\BntWeb.Evaluate\BntWeb.Evaluate.csproj", "{6DCCBADF-C306-415B-90D2-A9D99722D5EB}"
EndProject
Project("{FAE04EC0-301F-11D3-BF4B-00C04F79EFBC}") = "BntWeb.SystemMessage", "Bnt.Web\Modules\BntWeb.SystemMessage\BntWeb.SystemMessage.csproj", "{829B10EC-DEDE-4E67-9EA1-AE99EECDAA06}"
EndProject
Project("{FAE04EC0-301F-11D3-BF4B-00C04F79EFBC}") = "BntWeb.Wallet", "Bnt.Web\Modules\BntWeb.Wallet\BntWeb.Wallet.csproj", "{3B30DF98-4F2A-4464-859A-6CAC9E65BA8F}"
EndProject
Project("{FAE04EC0-301F-11D3-BF4B-00C04F79EFBC}") = "BntWeb.Logistics", "Bnt.Web\Modules\BntWeb.Logistics\BntWeb.Logistics.csproj", "{0A409A27-FA28-420A-9B18-721BE922B590}"
EndProject
Project("{FAE04EC0-301F-11D3-BF4B-00C04F79EFBC}") = "BntWeb.Discovery", "Bnt.Web\Modules\BntWeb.Discovery\BntWeb.Discovery.csproj", "{77789C5A-7E0A-4A32-9CC3-A72E61CFE935}"
EndProject
Project("{FAE04EC0-301F-11D3-BF4B-00C04F79EFBC}") = "BntWeb.Config", "Bnt.Web\Modules\BntWeb.Config\BntWeb.Config.csproj", "{B243445F-3A70-4F1F-AA11-31AE74DBB70F}"
EndProject
Project("{FAE04EC0-301F-11D3-BF4B-00C04F79EFBC}") = "BntWeb.Coupon", "Bnt.Web\Modules\BntWeb.Coupon\BntWeb.Coupon.csproj", "{AF70074D-E669-4208-90AD-38D16BDA2CA5}"
EndProject
Global
	GlobalSection(SolutionConfigurationPlatforms) = preSolution
		Debug|Any CPU = Debug|Any CPU
		Release|Any CPU = Release|Any CPU
	EndGlobalSection
	GlobalSection(ProjectConfigurationPlatforms) = postSolution
		{BF31ACDE-4155-4D4F-80E3-D60C7E8FEE1E}.Debug|Any CPU.ActiveCfg = Debug|Any CPU
		{BF31ACDE-4155-4D4F-80E3-D60C7E8FEE1E}.Debug|Any CPU.Build.0 = Debug|Any CPU
		{BF31ACDE-4155-4D4F-80E3-D60C7E8FEE1E}.Release|Any CPU.ActiveCfg = Release|Any CPU
		{BF31ACDE-4155-4D4F-80E3-D60C7E8FEE1E}.Release|Any CPU.Build.0 = Release|Any CPU
		{B9563D28-E4F7-4CA5-BF7C-6415D5A35022}.Debug|Any CPU.ActiveCfg = Debug|Any CPU
		{B9563D28-E4F7-4CA5-BF7C-6415D5A35022}.Debug|Any CPU.Build.0 = Debug|Any CPU
		{B9563D28-E4F7-4CA5-BF7C-6415D5A35022}.Release|Any CPU.ActiveCfg = Release|Any CPU
		{B9563D28-E4F7-4CA5-BF7C-6415D5A35022}.Release|Any CPU.Build.0 = Release|Any CPU
		{F51B0353-36AC-4659-9BFE-797EE38C1E6E}.Debug|Any CPU.ActiveCfg = Debug|Any CPU
		{F51B0353-36AC-4659-9BFE-797EE38C1E6E}.Debug|Any CPU.Build.0 = Debug|Any CPU
		{F51B0353-36AC-4659-9BFE-797EE38C1E6E}.Release|Any CPU.ActiveCfg = Release|Any CPU
		{F51B0353-36AC-4659-9BFE-797EE38C1E6E}.Release|Any CPU.Build.0 = Release|Any CPU
		{523CC8D9-327D-47B9-8A64-3996D863AB3E}.Debug|Any CPU.ActiveCfg = Debug|Any CPU
		{523CC8D9-327D-47B9-8A64-3996D863AB3E}.Debug|Any CPU.Build.0 = Debug|Any CPU
		{523CC8D9-327D-47B9-8A64-3996D863AB3E}.Release|Any CPU.ActiveCfg = Release|Any CPU
		{523CC8D9-327D-47B9-8A64-3996D863AB3E}.Release|Any CPU.Build.0 = Release|Any CPU
		{B3D11F02-5000-410B-85BE-49E57DA035DE}.Debug|Any CPU.ActiveCfg = Debug|Any CPU
		{B3D11F02-5000-410B-85BE-49E57DA035DE}.Debug|Any CPU.Build.0 = Debug|Any CPU
		{B3D11F02-5000-410B-85BE-49E57DA035DE}.Release|Any CPU.ActiveCfg = Release|Any CPU
		{B3D11F02-5000-410B-85BE-49E57DA035DE}.Release|Any CPU.Build.0 = Release|Any CPU
		{73A5CFC3-7D5C-4CE1-843D-5C8482918753}.Debug|Any CPU.ActiveCfg = Debug|Any CPU
		{73A5CFC3-7D5C-4CE1-843D-5C8482918753}.Debug|Any CPU.Build.0 = Debug|Any CPU
		{73A5CFC3-7D5C-4CE1-843D-5C8482918753}.Release|Any CPU.ActiveCfg = Release|Any CPU
		{73A5CFC3-7D5C-4CE1-843D-5C8482918753}.Release|Any CPU.Build.0 = Release|Any CPU
		{19F61EB3-7D56-45D7-A29E-49EE143B9E1B}.Debug|Any CPU.ActiveCfg = Debug|Any CPU
		{19F61EB3-7D56-45D7-A29E-49EE143B9E1B}.Debug|Any CPU.Build.0 = Debug|Any CPU
		{19F61EB3-7D56-45D7-A29E-49EE143B9E1B}.Release|Any CPU.ActiveCfg = Release|Any CPU
		{19F61EB3-7D56-45D7-A29E-49EE143B9E1B}.Release|Any CPU.Build.0 = Release|Any CPU
		{513972B4-4A54-434B-B7A0-F1803D08A41B}.Debug|Any CPU.ActiveCfg = Debug|Any CPU
		{513972B4-4A54-434B-B7A0-F1803D08A41B}.Debug|Any CPU.Build.0 = Debug|Any CPU
		{513972B4-4A54-434B-B7A0-F1803D08A41B}.Release|Any CPU.ActiveCfg = Release|Any CPU
		{513972B4-4A54-434B-B7A0-F1803D08A41B}.Release|Any CPU.Build.0 = Release|Any CPU
		{27D86B28-0BDB-4C15-A162-E5BA7BDCEF13}.Debug|Any CPU.ActiveCfg = Debug|Any CPU
		{27D86B28-0BDB-4C15-A162-E5BA7BDCEF13}.Debug|Any CPU.Build.0 = Debug|Any CPU
		{27D86B28-0BDB-4C15-A162-E5BA7BDCEF13}.Release|Any CPU.ActiveCfg = Release|Any CPU
		{27D86B28-0BDB-4C15-A162-E5BA7BDCEF13}.Release|Any CPU.Build.0 = Release|Any CPU
		{9288548E-6584-409D-9BEC-A6B991B4BD2C}.Debug|Any CPU.ActiveCfg = Debug|Any CPU
		{9288548E-6584-409D-9BEC-A6B991B4BD2C}.Debug|Any CPU.Build.0 = Debug|Any CPU
		{9288548E-6584-409D-9BEC-A6B991B4BD2C}.Release|Any CPU.ActiveCfg = Release|Any CPU
		{9288548E-6584-409D-9BEC-A6B991B4BD2C}.Release|Any CPU.Build.0 = Release|Any CPU
		{E0986451-BA00-4C2A-BD46-3970AFCA89F4}.Debug|Any CPU.ActiveCfg = Debug|Any CPU
		{E0986451-BA00-4C2A-BD46-3970AFCA89F4}.Debug|Any CPU.Build.0 = Debug|Any CPU
		{E0986451-BA00-4C2A-BD46-3970AFCA89F4}.Release|Any CPU.ActiveCfg = Release|Any CPU
		{E0986451-BA00-4C2A-BD46-3970AFCA89F4}.Release|Any CPU.Build.0 = Release|Any CPU
		{04F8370B-39F8-4192-B567-BCB2E7F1D28E}.Debug|Any CPU.ActiveCfg = Debug|Any CPU
		{04F8370B-39F8-4192-B567-BCB2E7F1D28E}.Debug|Any CPU.Build.0 = Debug|Any CPU
		{04F8370B-39F8-4192-B567-BCB2E7F1D28E}.Release|Any CPU.ActiveCfg = Release|Any CPU
		{04F8370B-39F8-4192-B567-BCB2E7F1D28E}.Release|Any CPU.Build.0 = Release|Any CPU
		{ECE6323A-4A0D-4EC2-8049-B94404B40FED}.Debug|Any CPU.ActiveCfg = Debug|Any CPU
		{ECE6323A-4A0D-4EC2-8049-B94404B40FED}.Debug|Any CPU.Build.0 = Debug|Any CPU
		{ECE6323A-4A0D-4EC2-8049-B94404B40FED}.Release|Any CPU.ActiveCfg = Release|Any CPU
		{ECE6323A-4A0D-4EC2-8049-B94404B40FED}.Release|Any CPU.Build.0 = Release|Any CPU
		{B5D290A0-62C1-47C3-A0BC-51E1947BD78B}.Debug|Any CPU.ActiveCfg = Debug|Any CPU
		{B5D290A0-62C1-47C3-A0BC-51E1947BD78B}.Debug|Any CPU.Build.0 = Debug|Any CPU
		{B5D290A0-62C1-47C3-A0BC-51E1947BD78B}.Release|Any CPU.ActiveCfg = Release|Any CPU
		{B5D290A0-62C1-47C3-A0BC-51E1947BD78B}.Release|Any CPU.Build.0 = Release|Any CPU
		{E6E70ACB-5B6D-49B8-AEED-67471CF208C1}.Debug|Any CPU.ActiveCfg = Debug|Any CPU
		{E6E70ACB-5B6D-49B8-AEED-67471CF208C1}.Debug|Any CPU.Build.0 = Debug|Any CPU
		{E6E70ACB-5B6D-49B8-AEED-67471CF208C1}.Release|Any CPU.ActiveCfg = Release|Any CPU
		{E6E70ACB-5B6D-49B8-AEED-67471CF208C1}.Release|Any CPU.Build.0 = Release|Any CPU
		{F0863800-2BF1-4076-A099-A584B0974D6D}.Debug|Any CPU.ActiveCfg = Debug|Any CPU
		{F0863800-2BF1-4076-A099-A584B0974D6D}.Debug|Any CPU.Build.0 = Debug|Any CPU
		{F0863800-2BF1-4076-A099-A584B0974D6D}.Release|Any CPU.ActiveCfg = Release|Any CPU
		{F0863800-2BF1-4076-A099-A584B0974D6D}.Release|Any CPU.Build.0 = Release|Any CPU
		{B50AD89D-61E3-4268-B4DD-AC7294E1415D}.Debug|Any CPU.ActiveCfg = Debug|Any CPU
		{B50AD89D-61E3-4268-B4DD-AC7294E1415D}.Debug|Any CPU.Build.0 = Debug|Any CPU
		{B50AD89D-61E3-4268-B4DD-AC7294E1415D}.Release|Any CPU.ActiveCfg = Release|Any CPU
		{B50AD89D-61E3-4268-B4DD-AC7294E1415D}.Release|Any CPU.Build.0 = Release|Any CPU
		{6DCCBADF-C306-415B-90D2-A9D99722D5EB}.Debug|Any CPU.ActiveCfg = Debug|Any CPU
		{6DCCBADF-C306-415B-90D2-A9D99722D5EB}.Debug|Any CPU.Build.0 = Debug|Any CPU
		{6DCCBADF-C306-415B-90D2-A9D99722D5EB}.Release|Any CPU.ActiveCfg = Release|Any CPU
		{6DCCBADF-C306-415B-90D2-A9D99722D5EB}.Release|Any CPU.Build.0 = Release|Any CPU
		{829B10EC-DEDE-4E67-9EA1-AE99EECDAA06}.Debug|Any CPU.ActiveCfg = Debug|Any CPU
		{829B10EC-DEDE-4E67-9EA1-AE99EECDAA06}.Debug|Any CPU.Build.0 = Debug|Any CPU
		{829B10EC-DEDE-4E67-9EA1-AE99EECDAA06}.Release|Any CPU.ActiveCfg = Release|Any CPU
		{829B10EC-DEDE-4E67-9EA1-AE99EECDAA06}.Release|Any CPU.Build.0 = Release|Any CPU
		{3B30DF98-4F2A-4464-859A-6CAC9E65BA8F}.Debug|Any CPU.ActiveCfg = Debug|Any CPU
		{3B30DF98-4F2A-4464-859A-6CAC9E65BA8F}.Debug|Any CPU.Build.0 = Debug|Any CPU
		{3B30DF98-4F2A-4464-859A-6CAC9E65BA8F}.Release|Any CPU.ActiveCfg = Release|Any CPU
		{3B30DF98-4F2A-4464-859A-6CAC9E65BA8F}.Release|Any CPU.Build.0 = Release|Any CPU
		{0A409A27-FA28-420A-9B18-721BE922B590}.Debug|Any CPU.ActiveCfg = Debug|Any CPU
		{0A409A27-FA28-420A-9B18-721BE922B590}.Debug|Any CPU.Build.0 = Debug|Any CPU
		{0A409A27-FA28-420A-9B18-721BE922B590}.Release|Any CPU.ActiveCfg = Release|Any CPU
		{0A409A27-FA28-420A-9B18-721BE922B590}.Release|Any CPU.Build.0 = Release|Any CPU
		{77789C5A-7E0A-4A32-9CC3-A72E61CFE935}.Debug|Any CPU.ActiveCfg = Debug|Any CPU
		{77789C5A-7E0A-4A32-9CC3-A72E61CFE935}.Debug|Any CPU.Build.0 = Debug|Any CPU
		{77789C5A-7E0A-4A32-9CC3-A72E61CFE935}.Release|Any CPU.ActiveCfg = Release|Any CPU
		{77789C5A-7E0A-4A32-9CC3-A72E61CFE935}.Release|Any CPU.Build.0 = Release|Any CPU
		{B243445F-3A70-4F1F-AA11-31AE74DBB70F}.Debug|Any CPU.ActiveCfg = Debug|Any CPU
		{B243445F-3A70-4F1F-AA11-31AE74DBB70F}.Debug|Any CPU.Build.0 = Debug|Any CPU
		{B243445F-3A70-4F1F-AA11-31AE74DBB70F}.Release|Any CPU.ActiveCfg = Release|Any CPU
		{B243445F-3A70-4F1F-AA11-31AE74DBB70F}.Release|Any CPU.Build.0 = Release|Any CPU
		{AF70074D-E669-4208-90AD-38D16BDA2CA5}.Debug|Any CPU.ActiveCfg = Debug|Any CPU
		{AF70074D-E669-4208-90AD-38D16BDA2CA5}.Debug|Any CPU.Build.0 = Debug|Any CPU
		{AF70074D-E669-4208-90AD-38D16BDA2CA5}.Release|Any CPU.ActiveCfg = Release|Any CPU
		{AF70074D-E669-4208-90AD-38D16BDA2CA5}.Release|Any CPU.Build.0 = Release|Any CPU
	EndGlobalSection
	GlobalSection(SolutionProperties) = preSolution
		HideSolutionNode = FALSE
	EndGlobalSection
	GlobalSection(NestedProjects) = preSolution
		{523CC8D9-327D-47B9-8A64-3996D863AB3E} = {E2462973-8FD3-4B4B-9969-6EC88E2EDC9C}
		{B3D11F02-5000-410B-85BE-49E57DA035DE} = {E2462973-8FD3-4B4B-9969-6EC88E2EDC9C}
		{73A5CFC3-7D5C-4CE1-843D-5C8482918753} = {E2462973-8FD3-4B4B-9969-6EC88E2EDC9C}
		{19F61EB3-7D56-45D7-A29E-49EE143B9E1B} = {E2462973-8FD3-4B4B-9969-6EC88E2EDC9C}
		{513972B4-4A54-434B-B7A0-F1803D08A41B} = {E2462973-8FD3-4B4B-9969-6EC88E2EDC9C}
		{27D86B28-0BDB-4C15-A162-E5BA7BDCEF13} = {E2462973-8FD3-4B4B-9969-6EC88E2EDC9C}
		{9288548E-6584-409D-9BEC-A6B991B4BD2C} = {E2462973-8FD3-4B4B-9969-6EC88E2EDC9C}
		{E0986451-BA00-4C2A-BD46-3970AFCA89F4} = {E2462973-8FD3-4B4B-9969-6EC88E2EDC9C}
		{04F8370B-39F8-4192-B567-BCB2E7F1D28E} = {E2462973-8FD3-4B4B-9969-6EC88E2EDC9C}
		{ECE6323A-4A0D-4EC2-8049-B94404B40FED} = {E2462973-8FD3-4B4B-9969-6EC88E2EDC9C}
		{B5D290A0-62C1-47C3-A0BC-51E1947BD78B} = {E2462973-8FD3-4B4B-9969-6EC88E2EDC9C}
		{E6E70ACB-5B6D-49B8-AEED-67471CF208C1} = {E2462973-8FD3-4B4B-9969-6EC88E2EDC9C}
		{F0863800-2BF1-4076-A099-A584B0974D6D} = {E2462973-8FD3-4B4B-9969-6EC88E2EDC9C}
		{B50AD89D-61E3-4268-B4DD-AC7294E1415D} = {E2462973-8FD3-4B4B-9969-6EC88E2EDC9C}
		{6DCCBADF-C306-415B-90D2-A9D99722D5EB} = {E2462973-8FD3-4B4B-9969-6EC88E2EDC9C}
		{829B10EC-DEDE-4E67-9EA1-AE99EECDAA06} = {E2462973-8FD3-4B4B-9969-6EC88E2EDC9C}
		{3B30DF98-4F2A-4464-859A-6CAC9E65BA8F} = {E2462973-8FD3-4B4B-9969-6EC88E2EDC9C}
		{0A409A27-FA28-420A-9B18-721BE922B590} = {E2462973-8FD3-4B4B-9969-6EC88E2EDC9C}
		{77789C5A-7E0A-4A32-9CC3-A72E61CFE935} = {E2462973-8FD3-4B4B-9969-6EC88E2EDC9C}
		{B243445F-3A70-4F1F-AA11-31AE74DBB70F} = {E2462973-8FD3-4B4B-9969-6EC88E2EDC9C}
		{AF70074D-E669-4208-90AD-38D16BDA2CA5} = {E2462973-8FD3-4B4B-9969-6EC88E2EDC9C}
	EndGlobalSection
EndGlobal
